{
    "_readme": [
        "This file locks the dependencies of your project to a known state",
        "Read more about it at https://getcomposer.org/doc/01-basic-usage.md#composer-lock-the-lock-file",
        "This file is @generated automatically"
    ],
    "hash": "9797f140e1a1a6fa8a7c0766c3210f2a",
    "content-hash": "d2ae55e75d5d7ada0effaaf2fbd4d082",
    "packages": [
        {
            "name": "fzaninotto/faker",
            "version": "v1.6.0",
            "source": {
                "type": "git",
                "url": "https://github.com/fzaninotto/Faker.git",
                "reference": "44f9a286a04b80c76a4e5fb7aad8bb539b920123"
            },
            "dist": {
                "type": "zip",
                "url": "https://api.github.com/repos/fzaninotto/Faker/zipball/44f9a286a04b80c76a4e5fb7aad8bb539b920123",
                "reference": "44f9a286a04b80c76a4e5fb7aad8bb539b920123",
                "shasum": ""
            },
            "require": {
                "php": "^5.3.3|^7.0"
            },
            "require-dev": {
                "ext-intl": "*",
                "phpunit/phpunit": "~4.0",
                "squizlabs/php_codesniffer": "~1.5"
            },
            "type": "library",
            "extra": {
                "branch-alias": []
            },
            "autoload": {
                "psr-4": {
                    "Faker\\": "src/Faker/"
                }
            },
            "notification-url": "https://packagist.org/downloads/",
            "license": [
                "MIT"
            ],
            "authors": [
                {
                    "name": "François Zaninotto"
                }
            ],
            "description": "Faker is a PHP library that generates fake data for you.",
            "keywords": [
                "data",
                "faker",
                "fixtures"
            ],
            "time": "2016-04-29 12:21:54"
        },
        {
            "name": "league/json-guard",
            "version": "dev-master",
            "source": {
                "type": "git",
                "url": "https://github.com/thephpleague/json-guard.git",
                "reference": "c253388708ed0555eef0752153ceb03029785716"
            },
            "dist": {
                "type": "zip",
                "url": "https://api.github.com/repos/thephpleague/json-guard/zipball/c253388708ed0555eef0752153ceb03029785716",
                "reference": "c253388708ed0555eef0752153ceb03029785716",
                "shasum": ""
            },
            "require": {
                "php": ">=5.5.0"
            },
            "require-dev": {
                "ext-curl": "*",
                "json-schema/json-schema-test-suite": "1.1.0",
                "phpunit/phpunit": "4.*",
                "scrutinizer/ocular": "~1.1",
                "squizlabs/php_codesniffer": "~2.3"
            },
            "suggest": {
                "ext-bcmath": "Required to properly check type constraints for numbers larger than PHP_INT_MAX."
            },
            "type": "library",
            "extra": {
                "branch-alias": {
                    "dev-master": "1.0-dev"
                }
            },
            "autoload": {
                "psr-4": {
                    "League\\JsonGuard\\": "src"
                },
                "files": [
                    "src/functions.php"
                ]
            },
            "notification-url": "https://packagist.org/downloads/",
            "license": [
                "MIT"
            ],
            "authors": [
                {
                    "name": "Matthew Allan",
                    "email": "matthew.james.allan@gmail.com",
                    "homepage": "https://mattallan.org",
                    "role": "Developer"
                }
            ],
            "description": "A validator for JSON using json-schema.",
            "homepage": "https://github.com/thephpleague/json-guard",
            "keywords": [
                "json",
                "json-schema",
                "json-schema.org",
                "schema",
                "validation"
            ],
            "time": "2016-05-07 04:12:34"
        },
        {
            "name": "tebru/enum",
            "version": "v0.2.0",
            "source": {
                "type": "git",
                "url": "https://github.com/tebru/enum.git",
                "reference": "9d4d2d393a7756edee7f720dc9eb3a123d510a49"
            },
            "dist": {
                "type": "zip",
                "url": "https://api.github.com/repos/tebru/enum/zipball/9d4d2d393a7756edee7f720dc9eb3a123d510a49",
                "reference": "9d4d2d393a7756edee7f720dc9eb3a123d510a49",
                "shasum": ""
            },
            "require": {
                "php": ">= 5.4"
            },
            "require-dev": {
                "php": ">= 5.5",
                "phpunit/phpunit": "^4.0",
                "satooshi/php-coveralls": "^0.6.1"
            },
            "type": "library",
            "autoload": {
                "psr-4": {
                    "Tebru\\Enum\\": "src/",
                    "Tebru\\Enum\\Test\\": "tests/"
                }
            },
            "notification-url": "https://packagist.org/downloads/",
            "license": [
                "MIT"
            ],
            "authors": [
                {
                    "name": "Nate Brunette",
                    "email": "n@tebru.net"
                }
            ],
            "description": "Simple enum library for PHP",
            "time": "2015-12-01 17:09:21"
        }
    ],
    "packages-dev": [],
    "aliases": [],
    "minimum-stability": "stable",
    "stability-flags": {
        "league/json-guard": 20
    },
    "prefer-stable": false,
    "prefer-lowest": false,
    "platform": {
        "php": ">= 5.5"
    },
    "platform-dev": []
}
